
Microsoft Visual Studio Solution File, Format Version 12.00
# Visual Studio Version 17
VisualStudioVersion = 17.14.36518.9
MinimumVisualStudioVersion = 10.0.40219.1
Project("{FAE04EC0-301F-11D3-BF4B-00C04F79EFBC}") = "PROShoping", "PROShoping.csproj", "{D1DEC0BF-AD36-485B-B5E9-B1A468971FA0}"
EndProject
Project("{FAE04EC0-301F-11D3-BF4B-00C04F79EFBC}") = "Bl", "..\Bl\Bl.csproj", "{AC920A03-809A-48F7-80F8-D1957C1C060F}"
EndProject
Project("{FAE04EC0-301F-11D3-BF4B-00C04F79EFBC}") = "Domains", "..\Domains\Domains.csproj", "{491F6A52-4818-4819-853A-DA31C9FCE379}"
EndProject
Global
	GlobalSection(SolutionConfigurationPlatforms) = preSolution
		Debug|Any CPU = Debug|Any CPU
		Release|Any CPU = Release|Any CPU
	EndGlobalSection
	GlobalSection(ProjectConfigurationPlatforms) = postSolution
		{D1DEC0BF-AD36-485B-B5E9-B1A468971FA0}.Debug|Any CPU.ActiveCfg = Debug|Any CPU
		{D1DEC0BF-AD36-485B-B5E9-B1A468971FA0}.Debug|Any CPU.Build.0 = Debug|Any CPU
		{D1DEC0BF-AD36-485B-B5E9-B1A468971FA0}.Release|Any CPU.ActiveCfg = Release|Any CPU
		{D1DEC0BF-AD36-485B-B5E9-B1A468971FA0}.Release|Any CPU.Build.0 = Release|Any CPU
		{AC920A03-809A-48F7-80F8-D1957C1C060F}.Debug|Any CPU.ActiveCfg = Debug|Any CPU
		{AC920A03-809A-48F7-80F8-D1957C1C060F}.Debug|Any CPU.Build.0 = Debug|Any CPU
		{AC920A03-809A-48F7-80F8-D1957C1C060F}.Release|Any CPU.ActiveCfg = Release|Any CPU
		{AC920A03-809A-48F7-80F8-D1957C1C060F}.Release|Any CPU.Build.0 = Release|Any CPU
		{491F6A52-4818-4819-853A-DA31C9FCE379}.Debug|Any CPU.ActiveCfg = Debug|Any CPU
		{491F6A52-4818-4819-853A-DA31C9FCE379}.Debug|Any CPU.Build.0 = Debug|Any CPU
		{491F6A52-4818-4819-853A-DA31C9FCE379}.Release|Any CPU.ActiveCfg = Release|Any CPU
		{491F6A52-4818-4819-853A-DA31C9FCE379}.Release|Any CPU.Build.0 = Release|Any CPU
	EndGlobalSection
	GlobalSection(SolutionProperties) = preSolution
		HideSolutionNode = FALSE
	EndGlobalSection
	GlobalSection(ExtensibilityGlobals) = postSolution
		SolutionGuid = {5A425630-8F21-4D9B-85D0-C6F0235B8CFC}
	EndGlobalSection
EndGlobal
